
Microsoft Visual Studio Solution File, Format Version 12.00
# Visual Studio Version 16
VisualStudioVersion = 16.0.31911.196
MinimumVisualStudioVersion = 10.0.40219.1
Project("{FAE04EC0-301F-11D3-BF4B-00C04F79EFBC}") = "RUAP_LV4", "RUAP_LV4\RUAP_LV4.csproj", "{F7A58490-A724-4E63-B7FF-49D64894383B}"
EndProject
Global
	GlobalSection(SolutionConfigurationPlatforms) = preSolution
		Debug|Any CPU = Debug|Any CPU
		Release|Any CPU = Release|Any CPU
	EndGlobalSection
	GlobalSection(ProjectConfigurationPlatforms) = postSolution
		{F7A58490-A724-4E63-B7FF-49D64894383B}.Debug|Any CPU.ActiveCfg = Debug|Any CPU
		{F7A58490-A724-4E63-B7FF-49D64894383B}.Debug|Any CPU.Build.0 = Debug|Any CPU
		{F7A58490-A724-4E63-B7FF-49D64894383B}.Release|Any CPU.ActiveCfg = Release|Any CPU
		{F7A58490-A724-4E63-B7FF-49D64894383B}.Release|Any CPU.Build.0 = Release|Any CPU
	EndGlobalSection
	GlobalSection(SolutionProperties) = preSolution
		HideSolutionNode = FALSE
	EndGlobalSection
	GlobalSection(ExtensibilityGlobals) = postSolution
		SolutionGuid = {5AB17C8F-A6D9-4700-8810-CB12C946DF2C}
	EndGlobalSection
EndGlobal
